// !$*UTF8*$!
{
	archiveVersion = 1;
	classes = {
	};
	objectVersion = 50;
	objects = {

/* Begin PBXBuildFile section */
		D70C042B246CA7070040F866 /* TasksUtility.swift in Sources */ = {isa = PBXBuildFile; fileRef = D70C042A246CA7070040F866 /* TasksUtility.swift */; };
		D788F6782468C7F3007D1680 /* AppDelegate.swift in Sources */ = {isa = PBXBuildFile; fileRef = D788F6772468C7F3007D1680 /* AppDelegate.swift */; };
		D788F67A2468C7F3007D1680 /* SceneDelegate.swift in Sources */ = {isa = PBXBuildFile; fileRef = D788F6792468C7F3007D1680 /* SceneDelegate.swift */; };
		D788F67F2468C7F3007D1680 /* Main.storyboard in Resources */ = {isa = PBXBuildFile; fileRef = D788F67D2468C7F3007D1680 /* Main.storyboard */; };
		D788F6812468C7F6007D1680 /* Assets.xcassets in Resources */ = {isa = PBXBuildFile; fileRef = D788F6802468C7F6007D1680 /* Assets.xcassets */; };
		D788F6842468C7F6007D1680 /* LaunchScreen.storyboard in Resources */ = {isa = PBXBuildFile; fileRef = D788F6822468C7F6007D1680 /* LaunchScreen.storyboard */; };
		D788F68C2468C82C007D1680 /* TaskController.swift in Sources */ = {isa = PBXBuildFile; fileRef = D788F68B2468C82C007D1680 /* TaskController.swift */; };
		D788F68E246A0DE1007D1680 /* Task.swift in Sources */ = {isa = PBXBuildFile; fileRef = D788F68D246A0DE1007D1680 /* Task.swift */; };
		D788F690246A0E75007D1680 /* TaskStorage.swift in Sources */ = {isa = PBXBuildFile; fileRef = D788F68F246A0E75007D1680 /* TaskStorage.swift */; };
/* End PBXBuildFile section */

/* Begin PBXFileReference section */
		D70C042A246CA7070040F866 /* TasksUtility.swift */ = {isa = PBXFileReference; lastKnownFileType = sourcecode.swift; path = TasksUtility.swift; sourceTree = "<group>"; };
		D788F6742468C7F3007D1680 /* Tasky.app */ = {isa = PBXFileReference; explicitFileType = wrapper.application; includeInIndex = 0; path = Tasky.app; sourceTree = BUILT_PRODUCTS_DIR; };
		D788F6772468C7F3007D1680 /* AppDelegate.swift */ = {isa = PBXFileReference; lastKnownFileType = sourcecode.swift; path = AppDelegate.swift; sourceTree = "<group>"; };
		D788F6792468C7F3007D1680 /* SceneDelegate.swift */ = {isa = PBXFileReference; lastKnownFileType = sourcecode.swift; path = SceneDelegate.swift; sourceTree = "<group>"; };
		D788F67E2468C7F3007D1680 /* Base */ = {isa = PBXFileReference; lastKnownFileType = file.storyboard; name = Base; path = Base.lproj/Main.storyboard; sourceTree = "<group>"; };
		D788F6802468C7F6007D1680 /* Assets.xcassets */ = {isa = PBXFileReference; lastKnownFileType = folder.assetcatalog; path = Assets.xcassets; sourceTree = "<group>"; };
		D788F6832468C7F6007D1680 /* Base */ = {isa = PBXFileReference; lastKnownFileType = file.storyboard; name = Base; path = Base.lproj/LaunchScreen.storyboard; sourceTree = "<group>"; };
		D788F6852468C7F6007D1680 /* Info.plist */ = {isa = PBXFileReference; lastKnownFileType = text.plist.xml; path = Info.plist; sourceTree = "<group>"; };
		D788F68B2468C82C007D1680 /* TaskController.swift */ = {isa = PBXFileReference; lastKnownFileType = sourcecode.swift; path = TaskController.swift; sourceTree = "<group>"; };
		D788F68D246A0DE1007D1680 /* Task.swift */ = {isa = PBXFileReference; lastKnownFileType = sourcecode.swift; path = Task.swift; sourceTree = "<group>"; };
		D788F68F246A0E75007D1680 /* TaskStorage.swift */ = {isa = PBXFileReference; lastKnownFileType = sourcecode.swift; path = TaskStorage.swift; sourceTree = "<group>"; };
/* End PBXFileReference section */

/* Begin PBXFrameworksBuildPhase section */
		D788F6712468C7F3007D1680 /* Frameworks */ = {
			isa = PBXFrameworksBuildPhase;
			buildActionMask = 2147483647;
			files = (
			);
			runOnlyForDeploymentPostprocessing = 0;
		};
/* End PBXFrameworksBuildPhase section */

/* Begin PBXGroup section */
		D76158EE246CA4E2002BB161 /* Models */ = {
			isa = PBXGroup;
			children = (
				D788F68D246A0DE1007D1680 /* Task.swift */,
			);
			path = Models;
			sourceTree = "<group>";
		};
		D76158EF246CA4EA002BB161 /* Controllers */ = {
			isa = PBXGroup;
			children = (
				D788F68B2468C82C007D1680 /* TaskController.swift */,
			);
			path = Controllers;
			sourceTree = "<group>";
		};
		D76158F0246CA4F2002BB161 /* Helpers */ = {
			isa = PBXGroup;
			children = (
				D788F68F246A0E75007D1680 /* TaskStorage.swift */,
				D70C042A246CA7070040F866 /* TasksUtility.swift */,
			);
			path = Helpers;
			sourceTree = "<group>";
		};
		D76158F1246CA4F8002BB161 /* System */ = {
			isa = PBXGroup;
			children = (
				D788F6792468C7F3007D1680 /* SceneDelegate.swift */,
				D788F6772468C7F3007D1680 /* AppDelegate.swift */,
				D788F6802468C7F6007D1680 /* Assets.xcassets */,
				D788F6822468C7F6007D1680 /* LaunchScreen.storyboard */,
				D788F6852468C7F6007D1680 /* Info.plist */,
			);
			path = System;
			sourceTree = "<group>";
		};
		D788F66B2468C7F3007D1680 = {
			isa = PBXGroup;
			children = (
				D788F6762468C7F3007D1680 /* Tasky */,
				D788F6752468C7F3007D1680 /* Products */,
			);
			sourceTree = "<group>";
		};
		D788F6752468C7F3007D1680 /* Products */ = {
			isa = PBXGroup;
			children = (
				D788F6742468C7F3007D1680 /* Tasky.app */,
			);
			name = Products;
			sourceTree = "<group>";
		};
		D788F6762468C7F3007D1680 /* Tasky */ = {
			isa = PBXGroup;
			children = (
				D788F67D2468C7F3007D1680 /* Main.storyboard */,
				D76158F1246CA4F8002BB161 /* System */,
				D76158F0246CA4F2002BB161 /* Helpers */,
				D76158EF246CA4EA002BB161 /* Controllers */,
				D76158EE246CA4E2002BB161 /* Models */,
			);
			path = Tasky;
			sourceTree = "<group>";
		};
/* End PBXGroup section */

/* Begin PBXNativeTarget section */
		D788F6732468C7F3007D1680 /* Tasky */ = {
			isa = PBXNativeTarget;
			buildConfigurationList = D788F6882468C7F6007D1680 /* Build configuration list for PBXNativeTarget "Tasky" */;
			buildPhases = (
				D788F6702468C7F3007D1680 /* Sources */,
				D788F6712468C7F3007D1680 /* Frameworks */,
				D788F6722468C7F3007D1680 /* Resources */,
			);
			buildRules = (
			);
			dependencies = (
			);
			name = Tasky;
			productName = Tasky;
			productReference = D788F6742468C7F3007D1680 /* Tasky.app */;
			productType = "com.apple.product-type.application";
		};
/* End PBXNativeTarget section */

/* Begin PBXProject section */
		D788F66C2468C7F3007D1680 /* Project object */ = {
			isa = PBXProject;
			attributes = {
				LastSwiftUpdateCheck = 1140;
				LastUpgradeCheck = 1140;
				ORGANIZATIONNAME = "Cristian villanueva";
				TargetAttributes = {
					D788F6732468C7F3007D1680 = {
						CreatedOnToolsVersion = 11.4.1;
					};
				};
			};
			buildConfigurationList = D788F66F2468C7F3007D1680 /* Build configuration list for PBXProject "Tasky" */;
			compatibilityVersion = "Xcode 9.3";
			developmentRegion = en;
			hasScannedForEncodings = 0;
			knownRegions = (
				en,
				Base,
			);
			mainGroup = D788F66B2468C7F3007D1680;
			productRefGroup = D788F6752468C7F3007D1680 /* Products */;
			projectDirPath = "";
			projectRoot = "";
			targets = (
				D788F6732468C7F3007D1680 /* Tasky */,
			);
		};
/* End PBXProject section */

/* Begin PBXResourcesBuildPhase section */
		D788F6722468C7F3007D1680 /* Resources */ = {
			isa = PBXResourcesBuildPhase;
			buildActionMask = 2147483647;
			files = (
				D788F6842468C7F6007D1680 /* LaunchScreen.storyboard in Resources */,
				D788F6812468C7F6007D1680 /* Assets.xcassets in Resources */,
				D788F67F2468C7F3007D1680 /* Main.storyboard in Resources */,
			);
			runOnlyForDeploymentPostprocessing = 0;
		};
/* End PBXResourcesBuildPhase section */

/* Begin PBXSourcesBuildPhase section */
		D788F6702468C7F3007D1680 /* Sources */ = {
			isa = PBXSourcesBuildPhase;
			buildActionMask = 2147483647;
			files = (
				D788F68E246A0DE1007D1680 /* Task.swift in Sources */,
				D788F6782468C7F3007D1680 /* AppDelegate.swift in Sources */,
				D788F68C2468C82C007D1680 /* TaskController.swift in Sources */,
				D70C042B246CA7070040F866 /* TasksUtility.swift in Sources */,
				D788F690246A0E75007D1680 /* TaskStorage.swift in Sources */,
				D788F67A2468C7F3007D1680 /* SceneDelegate.swift in Sources */,
			);
			runOnlyForDeploymentPostprocessing = 0;
		};
/* End PBXSourcesBuildPhase section */

/* Begin PBXVariantGroup section */
		D788F67D2468C7F3007D1680 /* Main.storyboard */ = {
			isa = PBXVariantGroup;
			children = (
				D788F67E2468C7F3007D1680 /* Base */,
			);
			name = Main.storyboard;
			sourceTree = "<group>";
		};
		D788F6822468C7F6007D1680 /* LaunchScreen.storyboard */ = {
			isa = PBXVariantGroup;
			children = (
				D788F6832468C7F6007D1680 /* Base */,
			);
			name = LaunchScreen.storyboard;
			sourceTree = "<group>";
		};
/* End PBXVariantGroup section */

/* Begin XCBuildConfiguration section */
		D788F6862468C7F6007D1680 /* Debug */ = {
			isa = XCBuildConfiguration;
			buildSettings = {
				ALWAYS_SEARCH_USER_PATHS = NO;
				CLANG_ANALYZER_NONNULL = YES;
				CLANG_ANALYZER_NUMBER_OBJECT_CONVERSION = YES_AGGRESSIVE;
				CLANG_CXX_LANGUAGE_STANDARD = "gnu++14";
				CLANG_CXX_LIBRARY = "libc++";
				CLANG_ENABLE_MODULES = YES;
				CLANG_ENABLE_OBJC_ARC = YES;
				CLANG_ENABLE_OBJC_WEAK = YES;
				CLANG_WARN_BLOCK_CAPTURE_AUTORELEASING = YES;
				CLANG_WARN_BOOL_CONVERSION = YES;
				CLANG_WARN_COMMA = YES;
				CLANG_WARN_CONSTANT_CONVERSION = YES;
				CLANG_WARN_DEPRECATED_OBJC_IMPLEMENTATIONS = YES;
				CLANG_WARN_DIRECT_OBJC_ISA_USAGE = YES_ERROR;
				CLANG_WARN_DOCUMENTATION_COMMENTS = YES;
				CLANG_WARN_EMPTY_BODY = YES;
				CLANG_WARN_ENUM_CONVERSION = YES;
				CLANG_WARN_INFINITE_RECURSION = YES;
				CLANG_WARN_INT_CONVERSION = YES;
				CLANG_WARN_NON_LITERAL_NULL_CONVERSION = YES;
				CLANG_WARN_OBJC_IMPLICIT_RETAIN_SELF = YES;
				CLANG_WARN_OBJC_LITERAL_CONVERSION = YES;
				CLANG_WARN_OBJC_ROOT_CLASS = YES_ERROR;
				CLANG_WARN_RANGE_LOOP_ANALYSIS = YES;
				CLANG_WARN_STRICT_PROTOTYPES = YES;
				CLANG_WARN_SUSPICIOUS_MOVE = YES;
				CLANG_WARN_UNGUARDED_AVAILABILITY = YES_AGGRESSIVE;
				CLANG_WARN_UNREACHABLE_CODE = YES;
				CLANG_WARN__DUPLICATE_METHOD_MATCH = YES;
				COPY_PHASE_STRIP = NO;
				DEBUG_INFORMATION_FORMAT = dwarf;
				ENABLE_STRICT_OBJC_MSGSEND = YES;
				ENABLE_TESTABILITY = YES;
				GCC_C_LANGUAGE_STANDARD = gnu11;
				GCC_DYNAMIC_NO_PIC = NO;
				GCC_NO_COMMON_BLOCKS = YES;
				GCC_OPTIMIZATION_LEVEL = 0;
				GCC_PREPROCESSOR_DEFINITIONS = (
					"DEBUG=1",
					"$(inherited)",
				);
				GCC_WARN_64_TO_32_BIT_CONVERSION = YES;
				GCC_WARN_ABOUT_RETURN_TYPE = YES_ERROR;
				GCC_WARN_UNDECLARED_SELECTOR = YES;
				GCC_WARN_UNINITIALIZED_AUTOS = YES_AGGRESSIVE;
				GCC_WARN_UNUSED_FUNCTION = YES;
				GCC_WARN_UNUSED_VARIABLE = YES;
				IPHONEOS_DEPLOYMENT_TARGET = 13.4;
				MTL_ENABLE_DEBUG_INFO = INCLUDE_SOURCE;
				MTL_FAST_MATH = YES;
				ONLY_ACTIVE_ARCH = YES;
				SDKROOT = iphoneos;
				SWIFT_ACTIVE_COMPILATION_CONDITIONS = DEBUG;
				SWIFT_OPTIMIZATION_LEVEL = "-Onone";
			};
			name = Debug;
		};
		D788F6872468C7F6007D1680 /* Release */ = {
			isa = XCBuildConfiguration;
			buildSettings = {
				ALWAYS_SEARCH_USER_PATHS = NO;
				CLANG_ANALYZER_NONNULL = YES;
				CLANG_ANALYZER_NUMBER_OBJECT_CONVERSION = YES_AGGRESSIVE;
				CLANG_CXX_LANGUAGE_STANDARD = "gnu++14";
				CLANG_CXX_LIBRARY = "libc++";
				CLANG_ENABLE_MODULES = YES;
				CLANG_ENABLE_OBJC_ARC = YES;
				CLANG_ENABLE_OBJC_WEAK = YES;
				CLANG_WARN_BLOCK_CAPTURE_AUTORELEASING = YES;
				CLANG_WARN_BOOL_CONVERSION = YES;
				CLANG_WARN_COMMA = YES;
				CLANG_WARN_CONSTANT_CONVERSION = YES;
				CLANG_WARN_DEPRECATED_OBJC_IMPLEMENTATIONS = YES;
				CLANG_WARN_DIRECT_OBJC_ISA_USAGE = YES_ERROR;
				CLANG_WARN_DOCUMENTATION_COMMENTS = YES;
				CLANG_WARN_EMPTY_BODY = YES;
				CLANG_WARN_ENUM_CONVERSION = YES;
				CLANG_WARN_INFINITE_RECURSION = YES;
				CLANG_WARN_INT_CONVERSION = YES;
				CLANG_WARN_NON_LITERAL_NULL_CONVERSION = YES;
				CLANG_WARN_OBJC_IMPLICIT_RETAIN_SELF = YES;
				CLANG_WARN_OBJC_LITERAL_CONVERSION = YES;
				CLANG_WARN_OBJC_ROOT_CLASS = YES_ERROR;
				CLANG_WARN_RANGE_LOOP_ANALYSIS = YES;
				CLANG_WARN_STRICT_PROTOTYPES = YES;
				CLANG_WARN_SUSPICIOUS_MOVE = YES;
				CLANG_WARN_UNGUARDED_AVAILABILITY = YES_AGGRESSIVE;
				CLANG_WARN_UNREACHABLE_CODE = YES;
				CLANG_WARN__DUPLICATE_METHOD_MATCH = YES;
				COPY_PHASE_STRIP = NO;
				DEBUG_INFORMATION_FORMAT = "dwarf-with-dsym";
				ENABLE_NS_ASSERTIONS = NO;
				ENABLE_STRICT_OBJC_MSGSEND = YES;
				GCC_C_LANGUAGE_STANDARD = gnu11;
				GCC_NO_COMMON_BLOCKS = YES;
				GCC_WARN_64_TO_32_BIT_CONVERSION = YES;
				GCC_WARN_ABOUT_RETURN_TYPE = YES_ERROR;
				GCC_WARN_UNDECLARED_SELECTOR = YES;
				GCC_WARN_UNINITIALIZED_AUTOS = YES_AGGRESSIVE;
				GCC_WARN_UNUSED_FUNCTION = YES;
				GCC_WARN_UNUSED_VARIABLE = YES;
				IPHONEOS_DEPLOYMENT_TARGET = 13.4;
				MTL_ENABLE_DEBUG_INFO = NO;
				MTL_FAST_MATH = YES;
				SDKROOT = iphoneos;
				SWIFT_COMPILATION_MODE = wholemodule;
				SWIFT_OPTIMIZATION_LEVEL = "-O";
				VALIDATE_PRODUCT = YES;
			};
			name = Release;
		};
		D788F6892468C7F6007D1680 /* Debug */ = {
			isa = XCBuildConfiguration;
			buildSettings = {
				ASSETCATALOG_COMPILER_APPICON_NAME = AppIcon;
				CODE_SIGN_STYLE = Automatic;
				DEVELOPMENT_TEAM = 3SH8QRY234;
				INFOPLIST_FILE = "$(SRCROOT)/Tasky/System/Info.plist";
				LD_RUNPATH_SEARCH_PATHS = (
					"$(inherited)",
					"@executable_path/Frameworks",
				);
				PRODUCT_BUNDLE_IDENTIFIER = com.cristianvillanueva.Tasky;
				PRODUCT_NAME = "$(TARGET_NAME)";
				SWIFT_VERSION = 5.0;
				TARGETED_DEVICE_FAMILY = "1,2";
			};
			name = Debug;
		};
		D788F68A2468C7F6007D1680 /* Release */ = {
			isa = XCBuildConfiguration;
			buildSettings = {
				ASSETCATALOG_COMPILER_APPICON_NAME = AppIcon;
				CODE_SIGN_STYLE = Automatic;
				DEVELOPMENT_TEAM = 3SH8QRY234;
				INFOPLIST_FILE = "$(SRCROOT)/Tasky/System/Info.plist";
				LD_RUNPATH_SEARCH_PATHS = (
					"$(inherited)",
					"@executable_path/Frameworks",
				);
				PRODUCT_BUNDLE_IDENTIFIER = com.cristianvillanueva.Tasky;
				PRODUCT_NAME = "$(TARGET_NAME)";
				SWIFT_VERSION = 5.0;
				TARGETED_DEVICE_FAMILY = "1,2";
			};
			name = Release;
		};
/* End XCBuildConfiguration section */

/* Begin XCConfigurationList section */
		D788F66F2468C7F3007D1680 /* Build configuration list for PBXProject "Tasky" */ = {
			isa = XCConfigurationList;
			buildConfigurations = (
				D788F6862468C7F6007D1680 /* Debug */,
				D788F6872468C7F6007D1680 /* Release */,
			);
			defaultConfigurationIsVisible = 0;
			defaultConfigurationName = Release;
		};
		D788F6882468C7F6007D1680 /* Build configuration list for PBXNativeTarget "Tasky" */ = {
			isa = XCConfigurationList;
			buildConfigurations = (
				D788F6892468C7F6007D1680 /* Debug */,
				D788F68A2468C7F6007D1680 /* Release */,
			);
			defaultConfigurationIsVisible = 0;
			defaultConfigurationName = Release;
		};
/* End XCConfigurationList section */
	};
	rootObject = D788F66C2468C7F3007D1680 /* Project object */;
}
